
Microsoft Visual Studio Solution File, Format Version 12.00
# Visual Studio Version 17
VisualStudioVersion = 17.1.32421.90
MinimumVisualStudioVersion = 10.0.40219.1
Project("{9A19103F-16F7-4668-BE54-9A1E7A4F7556}") = "pruebasdotnet", "pruebasdotnet.csproj", "{8FD3177F-335E-4FCB-9528-5C7CB3028CCF}"
EndProject
Global
	GlobalSection(SolutionConfigurationPlatforms) = preSolution
		Debug|Any CPU = Debug|Any CPU
		Release|Any CPU = Release|Any CPU
	EndGlobalSection
	GlobalSection(ProjectConfigurationPlatforms) = postSolution
		{8FD3177F-335E-4FCB-9528-5C7CB3028CCF}.Debug|Any CPU.ActiveCfg = Debug|Any CPU
		{8FD3177F-335E-4FCB-9528-5C7CB3028CCF}.Debug|Any CPU.Build.0 = Debug|Any CPU
		{8FD3177F-335E-4FCB-9528-5C7CB3028CCF}.Release|Any CPU.ActiveCfg = Release|Any CPU
		{8FD3177F-335E-4FCB-9528-5C7CB3028CCF}.Release|Any CPU.Build.0 = Release|Any CPU
	EndGlobalSection
	GlobalSection(SolutionProperties) = preSolution
		HideSolutionNode = FALSE
	EndGlobalSection
	GlobalSection(ExtensibilityGlobals) = postSolution
		SolutionGuid = {99D39180-9BD3-4F3D-BBB8-A4D68BCC6478}
	EndGlobalSection
EndGlobal
